
Microsoft Visual Studio Solution File, Format Version 12.00
# Visual Studio Version 17
VisualStudioVersion = 17.4.33103.184
MinimumVisualStudioVersion = 10.0.40219.1
Project("{FAE04EC0-301F-11D3-BF4B-00C04F79EFBC}") = "CRUDActionForUsers", "CRUDActionForUsers\CRUDActionForUsers.csproj", "{6DF6AC8C-911A-4D4D-8A5A-D3541AC47A43}"
EndProject
Global
	GlobalSection(SolutionConfigurationPlatforms) = preSolution
		Debug|Any CPU = Debug|Any CPU
		Release|Any CPU = Release|Any CPU
	EndGlobalSection
	GlobalSection(ProjectConfigurationPlatforms) = postSolution
		{6DF6AC8C-911A-4D4D-8A5A-D3541AC47A43}.Debug|Any CPU.ActiveCfg = Debug|Any CPU
		{6DF6AC8C-911A-4D4D-8A5A-D3541AC47A43}.Debug|Any CPU.Build.0 = Debug|Any CPU
		{6DF6AC8C-911A-4D4D-8A5A-D3541AC47A43}.Release|Any CPU.ActiveCfg = Release|Any CPU
		{6DF6AC8C-911A-4D4D-8A5A-D3541AC47A43}.Release|Any CPU.Build.0 = Release|Any CPU
	EndGlobalSection
	GlobalSection(SolutionProperties) = preSolution
		HideSolutionNode = FALSE
	EndGlobalSection
	GlobalSection(ExtensibilityGlobals) = postSolution
		SolutionGuid = {52D133D9-DB7E-4335-9693-FCFED58A6345}
	EndGlobalSection
EndGlobal
